
Microsoft Visual Studio Solution File, Format Version 12.00
# Visual Studio Version 16
VisualStudioVersion = 25.0.1706.4
MinimumVisualStudioVersion = 10.0.40219.1
Project("{FAE04EC0-301F-11D3-BF4B-00C04F79EFBC}") = "BlazorLab2", "BlazorLab2\BlazorLab2.csproj", "{528DE466-C71D-40D3-A90B-EFD29958FABC}"
EndProject
Global
	GlobalSection(SolutionConfigurationPlatforms) = preSolution
		Debug|Any CPU = Debug|Any CPU
		Release|Any CPU = Release|Any CPU
	EndGlobalSection
	GlobalSection(ProjectConfigurationPlatforms) = postSolution
		{528DE466-C71D-40D3-A90B-EFD29958FABC}.Debug|Any CPU.ActiveCfg = Debug|Any CPU
		{528DE466-C71D-40D3-A90B-EFD29958FABC}.Debug|Any CPU.Build.0 = Debug|Any CPU
		{528DE466-C71D-40D3-A90B-EFD29958FABC}.Release|Any CPU.ActiveCfg = Release|Any CPU
		{528DE466-C71D-40D3-A90B-EFD29958FABC}.Release|Any CPU.Build.0 = Release|Any CPU
	EndGlobalSection
	GlobalSection(SolutionProperties) = preSolution
		HideSolutionNode = FALSE
	EndGlobalSection
	GlobalSection(ExtensibilityGlobals) = postSolution
		SolutionGuid = {994A46CB-A201-4622-A833-AD7D6B1C305D}
	EndGlobalSection
EndGlobal
